
Microsoft Visual Studio Solution File, Format Version 12.00
# Visual Studio Version 17
VisualStudioVersion = 17.13.35919.96
MinimumVisualStudioVersion = 10.0.40219.1
Project("{54A90642-561A-4BB1-A94E-469ADEE60C69}") = "MovieWebApplicationAngular", "MovieWebApplicationAngular.esproj", "{E7DDE4B2-0D3F-4B80-7381-0C1752776828}"
EndProject
Global
	GlobalSection(SolutionConfigurationPlatforms) = preSolution
		Debug|Any CPU = Debug|Any CPU
		Release|Any CPU = Release|Any CPU
	EndGlobalSection
	GlobalSection(ProjectConfigurationPlatforms) = postSolution
		{E7DDE4B2-0D3F-4B80-7381-0C1752776828}.Debug|Any CPU.ActiveCfg = Debug|Any CPU
		{E7DDE4B2-0D3F-4B80-7381-0C1752776828}.Debug|Any CPU.Build.0 = Debug|Any CPU
		{E7DDE4B2-0D3F-4B80-7381-0C1752776828}.Debug|Any CPU.Deploy.0 = Debug|Any CPU
		{E7DDE4B2-0D3F-4B80-7381-0C1752776828}.Release|Any CPU.ActiveCfg = Release|Any CPU
		{E7DDE4B2-0D3F-4B80-7381-0C1752776828}.Release|Any CPU.Build.0 = Release|Any CPU
		{E7DDE4B2-0D3F-4B80-7381-0C1752776828}.Release|Any CPU.Deploy.0 = Release|Any CPU
	EndGlobalSection
	GlobalSection(SolutionProperties) = preSolution
		HideSolutionNode = FALSE
	EndGlobalSection
	GlobalSection(ExtensibilityGlobals) = postSolution
		SolutionGuid = {94971EF3-061D-4CDF-9D72-71982E017437}
	EndGlobalSection
EndGlobal
